
Microsoft Visual Studio Solution File, Format Version 12.00
# Visual Studio Version 16
VisualStudioVersion = 16.0.29709.97
MinimumVisualStudioVersion = 10.0.40219.1
Project("{FAE04EC0-301F-11D3-BF4B-00C04F79EFBC}") = "Team4-LegendOfZelda", "Team4-LegendOfZelda.csproj", "{3317C457-F573-4FDB-8710-686FF90FE284}"
EndProject
Global
	GlobalSection(SolutionConfigurationPlatforms) = preSolution
		Debug|Any CPU = Debug|Any CPU
		Release|Any CPU = Release|Any CPU
	EndGlobalSection
	GlobalSection(ProjectConfigurationPlatforms) = postSolution
		{3317C457-F573-4FDB-8710-686FF90FE284}.Debug|Any CPU.ActiveCfg = Debug|Any CPU
		{3317C457-F573-4FDB-8710-686FF90FE284}.Debug|Any CPU.Build.0 = Debug|Any CPU
		{3317C457-F573-4FDB-8710-686FF90FE284}.Release|Any CPU.ActiveCfg = Release|Any CPU
		{3317C457-F573-4FDB-8710-686FF90FE284}.Release|Any CPU.Build.0 = Release|Any CPU
	EndGlobalSection
	GlobalSection(SolutionProperties) = preSolution
		HideSolutionNode = FALSE
	EndGlobalSection
	GlobalSection(ExtensibilityGlobals) = postSolution
		SolutionGuid = {567588C5-4E11-468C-8D88-7A37FA1674AC}
	EndGlobalSection
EndGlobal
